<?xml version="1.0" encoding="utf-8"?>
<Project ToolsVersion="4.0" xmlns="http://schemas.microsoft.com/developer/msbuild/2003">
  <ItemGroup>
    <Filter Include="Source Files">
      <UniqueIdentifier>{4FC737F1-C7A5-4376-A066-2A32D752A2FF}</UniqueIdentifier>
      <Extensions>cpp;c;cc;cxx;c++;cppm;ixx;def;odl;idl;hpj;bat;asm;asmx</Extensions>
    </Filter>
    <Filter Include="Header Files">
      <UniqueIdentifier>{93995380-89BD-4b04-88EB-625FBE52EBFB}</UniqueIdentifier>
      <Extensions>h;hh;hpp;hxx;h++;hm;inl;inc;ipp;xsd</Extensions>
    </Filter>
    <Filter Include="Resource Files">
      <UniqueIdentifier>{67DA6AB6-F800-4c08-8B7A-83BB121AAD01}</UniqueIdentifier>
      <Extensions>rc;ico;cur;bmp;dlg;rc2;rct;bin;rgs;gif;jpg;jpeg;jpe;resx;tiff;tif;png;wav;mfcribbon-ms</Extensions>
    </Filter>
  </ItemGroup>
  <ItemGroup>
    <ClInclude Include="source\core\container\types.h">
      <Filter>Header Files</Filter>
    </ClInclude>
    <ClInclude Include="source\core\error\assert.h">
      <Filter>Header Files</Filter>
    </ClInclude>
    <ClInclude Include="source\core\error\log_level.h">
      <Filter>Header Files</Filter>
    </ClInclude>
    <ClInclude Include="source\core\error\logger.h">
      <Filter>Header Files</Filter>
    </ClInclude>
    <ClInclude Include="source\core\error\result.h">
      <Filter>Header Files</Filter>
    </ClInclude>
    <ClInclude Include="source\core\event\input\key_down_event.h">
      <Filter>Header Files</Filter>
    </ClInclude>
    <ClInclude Include="source\core\event\input\key_up_event.h">
      <Filter>Header Files</Filter>
    </ClInclude>
    <ClInclude Include="source\core\event\input\mouse_left_down_event.h">
      <Filter>Header Files</Filter>
    </ClInclude>
    <ClInclude Include="source\core\event\input\mouse_left_up_event.h">
      <Filter>Header Files</Filter>
    </ClInclude>
    <ClInclude Include="source\core\event\input\mouse_move_event.h">
      <Filter>Header Files</Filter>
    </ClInclude>
    <ClInclude Include="source\core\event\input\mouse_right_down_event.h">
      <Filter>Header Files</Filter>
    </ClInclude>
    <ClInclude Include="source\core\event\input\mouse_right_up_event.h">
      <Filter>Header Files</Filter>
    </ClInclude>
    <ClInclude Include="source\core\event\window\window_resize_event.h">
      <Filter>Header Files</Filter>
    </ClInclude>
    <ClInclude Include="source\core\event\event.h">
      <Filter>Header Files</Filter>
    </ClInclude>
    <ClInclude Include="source\core\event\event_category.h">
      <Filter>Header Files</Filter>
    </ClInclude>
    <ClInclude Include="source\core\event\event_dispatcher.h">
      <Filter>Header Files</Filter>
    </ClInclude>
    <ClInclude Include="source\core\event\event_type.h">
      <Filter>Header Files</Filter>
    </ClInclude>
    <ClInclude Include="source\core\files\file_path.h">
      <Filter>Header Files</Filter>
    </ClInclude>
    <ClInclude Include="source\core\files\file_system.h">
      <Filter>Header Files</Filter>
    </ClInclude>
    <ClInclude Include="source\core\memory\allocator\allocation_statistics.h">
      <Filter>Header Files</Filter>
    </ClInclude>
    <ClInclude Include="source\core\memory\allocator\basic_allocator.h">
      <Filter>Header Files</Filter>
    </ClInclude>
    <ClInclude Include="source\core\memory\allocator\debug_allocator.h">
      <Filter>Header Files</Filter>
    </ClInclude>
    <ClInclude Include="source\core\performance\timer.h">
      <Filter>Header Files</Filter>
    </ClInclude>
    <ClInclude Include="source\core\window\window.h">
      <Filter>Header Files</Filter>
    </ClInclude>
    <ClInclude Include="source\core\window\window_descriptor.h">
      <Filter>Header Files</Filter>
    </ClInclude>
    <ClInclude Include="source\core\application.h">
      <Filter>Header Files</Filter>
    </ClInclude>
    <ClInclude Include="source\graphics\gfx\camera\camera.h">
      <Filter>Header Files</Filter>
    </ClInclude>
    <ClInclude Include="source\graphics\gfx\material\material.h">
      <Filter>Header Files</Filter>
    </ClInclude>
    <ClInclude Include="source\graphics\gfx\material\material_instance.h">
      <Filter>Header Files</Filter>
    </ClInclude>
    <ClInclude Include="source\graphics\gfx\mesh\primitive\cube.h">
      <Filter>Header Files</Filter>
    </ClInclude>
    <ClInclude Include="source\graphics\gfx\mesh\primitive\quad.h">
      <Filter>Header Files</Filter>
    </ClInclude>
    <ClInclude Include="source\graphics\gfx\mesh\mesh.h">
      <Filter>Header Files</Filter>
    </ClInclude>
    <ClInclude Include="source\graphics\gfx\mesh\sub_mesh.h">
      <Filter>Header Files</Filter>
    </ClInclude>
    <ClInclude Include="source\graphics\gfx\frame_data.h">
      <Filter>Header Files</Filter>
    </ClInclude>
    <ClInclude Include="source\graphics\gfx\render_backend.h">
      <Filter>Header Files</Filter>
    </ClInclude>
    <ClInclude Include="source\graphics\gfx\renderer3D.h">
      <Filter>Header Files</Filter>
    </ClInclude>
    <ClInclude Include="source\graphics\gfx\renderer3D_descriptor.h">
      <Filter>Header Files</Filter>
    </ClInclude>
    <ClInclude Include="source\graphics\RHI\object\command\RHI_command_buffer.h">
      <Filter>Header Files</Filter>
    </ClInclude>
    <ClInclude Include="source\graphics\RHI\object\command\RHI_command_buffer_descriptor.h">
      <Filter>Header Files</Filter>
    </ClInclude>
    <ClInclude Include="source\graphics\RHI\object\command\RHI_command_buffer_type.h">
      <Filter>Header Files</Filter>
    </ClInclude>
    <ClInclude Include="source\graphics\RHI\object\command\RHI_command_pool.h">
      <Filter>Header Files</Filter>
    </ClInclude>
    <ClInclude Include="source\graphics\RHI\object\command\RHI_command_pool_descriptor.h">
      <Filter>Header Files</Filter>
    </ClInclude>
    <ClInclude Include="source\graphics\RHI\object\command\RHI_command_queue.h">
      <Filter>Header Files</Filter>
    </ClInclude>
    <ClInclude Include="source\graphics\RHI\object\command\RHI_command_queue_allocation.h">
      <Filter>Header Files</Filter>
    </ClInclude>
    <ClInclude Include="source\graphics\RHI\object\command\RHI_command_queue_descriptor.h">
      <Filter>Header Files</Filter>
    </ClInclude>
    <ClInclude Include="source\graphics\RHI\object\command\RHI_command_queue_type.h">
      <Filter>Header Files</Filter>
    </ClInclude>
    <ClInclude Include="source\graphics\RHI\object\swapchain\RHI_swapchain.h">
      <Filter>Header Files</Filter>
    </ClInclude>
    <ClInclude Include="source\graphics\RHI\object\swapchain\RHI_swapchain_descriptor.h">
      <Filter>Header Files</Filter>
    </ClInclude>
    <ClInclude Include="source\graphics\RHI\object\sync\RHI_fenceCPU.h">
      <Filter>Header Files</Filter>
    </ClInclude>
    <ClInclude Include="source\graphics\RHI\object\sync\RHI_fenceCPU_descriptor.h">
      <Filter>Header Files</Filter>
    </ClInclude>
    <ClInclude Include="source\graphics\RHI\object\sync\RHI_fenceGPU.h">
      <Filter>Header Files</Filter>
    </ClInclude>
    <ClInclude Include="source\graphics\RHI\object\sync\RHI_fenceGPU_descriptor.h">
      <Filter>Header Files</Filter>
    </ClInclude>
    <ClInclude Include="source\graphics\RHI\object\sync\RHI_split_barrier.h">
      <Filter>Header Files</Filter>
    </ClInclude>
    <ClInclude Include="source\graphics\RHI\object\sync\RHI_split_barrier_descriptor.h">
      <Filter>Header Files</Filter>
    </ClInclude>
    <ClInclude Include="source\graphics\RHI\pipeline\compute\RHI_compute_pipeline.h">
      <Filter>Header Files</Filter>
    </ClInclude>
    <ClInclude Include="source\graphics\RHI\pipeline\compute\RHI_compute_pipeline_descriptor.h">
      <Filter>Header Files</Filter>
    </ClInclude>
    <ClInclude Include="source\graphics\RHI\pipeline\graphics\framebuffer\RHI_frame_buffer.h">
      <Filter>Header Files</Filter>
    </ClInclude>
    <ClInclude Include="source\graphics\RHI\pipeline\graphics\framebuffer\RHI_frame_buffer_descriptor.h">
      <Filter>Header Files</Filter>
    </ClInclude>
    <ClInclude Include="source\graphics\RHI\pipeline\graphics\rasterizer\RHI_cull_mode.h">
      <Filter>Header Files</Filter>
    </ClInclude>
    <ClInclude Include="source\graphics\RHI\pipeline\graphics\rasterizer\RHI_fill_mode.h">
      <Filter>Header Files</Filter>
    </ClInclude>
    <ClInclude Include="source\graphics\RHI\pipeline\graphics\rasterizer\RHI_winding_order.h">
      <Filter>Header Files</Filter>
    </ClInclude>
    <ClInclude Include="source\graphics\RHI\pipeline\graphics\renderpass\RHI_load_op.h">
      <Filter>Header Files</Filter>
    </ClInclude>
    <ClInclude Include="source\graphics\RHI\pipeline\graphics\renderpass\RHI_render_pass.h">
      <Filter>Header Files</Filter>
    </ClInclude>
    <ClInclude Include="source\graphics\RHI\pipeline\graphics\renderpass\RHI_render_pass_attachment.h">
      <Filter>Header Files</Filter>
    </ClInclude>
    <ClInclude Include="source\graphics\RHI\pipeline\graphics\renderpass\RHI_render_pass_descriptor.h">
      <Filter>Header Files</Filter>
    </ClInclude>
    <ClInclude Include="source\graphics\RHI\pipeline\graphics\renderpass\RHI_store_op.h">
      <Filter>Header Files</Filter>
    </ClInclude>
    <ClInclude Include="source\graphics\RHI\pipeline\graphics\topology\RHI_topology.h">
      <Filter>Header Files</Filter>
    </ClInclude>
    <ClInclude Include="source\graphics\RHI\pipeline\graphics\RHI_graphics_pipeline.h">
      <Filter>Header Files</Filter>
    </ClInclude>
    <ClInclude Include="source\graphics\RHI\pipeline\graphics\RHI_graphics_pipeline_descriptor.h">
      <Filter>Header Files</Filter>
    </ClInclude>
    <ClInclude Include="source\graphics\RHI\pipeline\layout\descriptor\RHI_descriptor_pool.h">
      <Filter>Header Files</Filter>
    </ClInclude>
    <ClInclude Include="source\graphics\RHI\pipeline\layout\descriptor\RHI_descriptor_pool_descriptor.h">
      <Filter>Header Files</Filter>
    </ClInclude>
    <ClInclude Include="source\graphics\RHI\pipeline\layout\descriptor\RHI_descriptor_pool_size.h">
      <Filter>Header Files</Filter>
    </ClInclude>
    <ClInclude Include="source\graphics\RHI\pipeline\layout\descriptor\RHI_descriptor_set.h">
      <Filter>Header Files</Filter>
    </ClInclude>
    <ClInclude Include="source\graphics\RHI\pipeline\layout\descriptor\RHI_descriptor_set_descriptor.h">
      <Filter>Header Files</Filter>
    </ClInclude>
    <ClInclude Include="source\graphics\RHI\pipeline\layout\RHI_input_element.h">
      <Filter>Header Files</Filter>
    </ClInclude>
    <ClInclude Include="source\graphics\RHI\pipeline\layout\RHI_input_flag.h">
      <Filter>Header Files</Filter>
    </ClInclude>
    <ClInclude Include="source\graphics\RHI\pipeline\layout\RHI_input_layout.h">
      <Filter>Header Files</Filter>
    </ClInclude>
    <ClInclude Include="source\graphics\RHI\pipeline\layout\RHI_input_layout_descriptor.h">
      <Filter>Header Files</Filter>
    </ClInclude>
    <ClInclude Include="source\graphics\RHI\pipeline\layout\RHI_input_set.h">
      <Filter>Header Files</Filter>
    </ClInclude>
    <ClInclude Include="source\graphics\RHI\pipeline\layout\RHI_input_type.h">
      <Filter>Header Files</Filter>
    </ClInclude>
    <ClInclude Include="source\graphics\RHI\pipeline\layout\RHI_vertex_element.h">
      <Filter>Header Files</Filter>
    </ClInclude>
    <ClInclude Include="source\graphics\RHI\pipeline\layout\RHI_vertex_layout.h">
      <Filter>Header Files</Filter>
    </ClInclude>
    <ClInclude Include="source\graphics\RHI\pipeline\RHI_pipeline.h">
      <Filter>Header Files</Filter>
    </ClInclude>
    <ClInclude Include="source\graphics\RHI\resource\acceleration\RHI_as_build_flags.h">
      <Filter>Header Files</Filter>
    </ClInclude>
    <ClInclude Include="source\graphics\RHI\resource\acceleration\RHI_blas.h">
      <Filter>Header Files</Filter>
    </ClInclude>
    <ClInclude Include="source\graphics\RHI\resource\acceleration\RHI_blas_descriptor.h">
      <Filter>Header Files</Filter>
    </ClInclude>
    <ClInclude Include="source\graphics\RHI\resource\acceleration\RHI_blas_instance.h">
      <Filter>Header Files</Filter>
    </ClInclude>
    <ClInclude Include="source\graphics\RHI\resource\acceleration\RHI_tlas.h">
      <Filter>Header Files</Filter>
    </ClInclude>
    <ClInclude Include="source\graphics\RHI\resource\acceleration\RHI_tlas_descriptor.h">
      <Filter>Header Files</Filter>
    </ClInclude>
    <ClInclude Include="source\graphics\RHI\resource\buffer\RHI_buffer.h">
      <Filter>Header Files</Filter>
    </ClInclude>
    <ClInclude Include="source\graphics\RHI\resource\buffer\RHI_buffer_descriptor.h">
      <Filter>Header Files</Filter>
    </ClInclude>
    <ClInclude Include="source\graphics\RHI\resource\buffer\RHI_buffer_usage.h">
      <Filter>Header Files</Filter>
    </ClInclude>
    <ClInclude Include="source\graphics\RHI\resource\sampler\RHI_address_mode.h">
      <Filter>Header Files</Filter>
    </ClInclude>
    <ClInclude Include="source\graphics\RHI\resource\sampler\RHI_compare_op.h">
      <Filter>Header Files</Filter>
    </ClInclude>
    <ClInclude Include="source\graphics\RHI\resource\sampler\RHI_filter.h">
      <Filter>Header Files</Filter>
    </ClInclude>
    <ClInclude Include="source\graphics\RHI\resource\sampler\RHI_sampler.h">
      <Filter>Header Files</Filter>
    </ClInclude>
    <ClInclude Include="source\graphics\RHI\resource\sampler\RHI_sampler_descriptor.h">
      <Filter>Header Files</Filter>
    </ClInclude>
    <ClInclude Include="source\graphics\RHI\resource\shader\RHI_shader.h">
      <Filter>Header Files</Filter>
    </ClInclude>
    <ClInclude Include="source\graphics\RHI\resource\shader\RHI_shader_descriptor.h">
      <Filter>Header Files</Filter>
    </ClInclude>
    <ClInclude Include="source\graphics\RHI\resource\shader\RHI_shader_type.h">
      <Filter>Header Files</Filter>
    </ClInclude>
    <ClInclude Include="source\graphics\RHI\resource\texture\RHI_texture_usage.h">
      <Filter>Header Files</Filter>
    </ClInclude>
    <ClInclude Include="source\graphics\RHI\resource\texture\RHI_texture2D.h">
      <Filter>Header Files</Filter>
    </ClInclude>
    <ClInclude Include="source\graphics\RHI\resource\texture\RHI_texture2D_descriptor.h">
      <Filter>Header Files</Filter>
    </ClInclude>
    <ClInclude Include="source\graphics\RHI\resource\RHI_resource_format.h">
      <Filter>Header Files</Filter>
    </ClInclude>
    <ClInclude Include="source\graphics\RHI\resource\RHI_resource_memory_type.h">
      <Filter>Header Files</Filter>
    </ClInclude>
    <ClInclude Include="source\graphics\RHI\resource\RHI_resource_state.h">
      <Filter>Header Files</Filter>
    </ClInclude>
    <ClInclude Include="source\graphics\RHI\RHI_adapter.h">
      <Filter>Header Files</Filter>
    </ClInclude>
    <ClInclude Include="source\graphics\RHI\RHI_adapter_features.h">
      <Filter>Header Files</Filter>
    </ClInclude>
    <ClInclude Include="source\graphics\RHI\RHI_adapter_type.h">
      <Filter>Header Files</Filter>
    </ClInclude>
    <ClInclude Include="source\graphics\RHI\RHI_debug_mode.h">
      <Filter>Header Files</Filter>
    </ClInclude>
    <ClInclude Include="source\graphics\RHI\RHI_render_device.h">
      <Filter>Header Files</Filter>
    </ClInclude>
    <ClInclude Include="source\graphics\RHI\RHI_render_device_descriptor.h">
      <Filter>Header Files</Filter>
    </ClInclude>
    <ClInclude Include="source\graphics\RHI_api\dx12\object\command\RHI_DX12_command_buffer.h">
      <Filter>Header Files</Filter>
    </ClInclude>
    <ClInclude Include="source\graphics\RHI_api\dx12\object\command\RHI_DX12_command_buffer_type.h">
      <Filter>Header Files</Filter>
    </ClInclude>
    <ClInclude Include="source\graphics\RHI_api\dx12\object\command\RHI_DX12_command_pool.h">
      <Filter>Header Files</Filter>
    </ClInclude>
    <ClInclude Include="source\graphics\RHI_api\dx12\object\command\RHI_DX12_command_queue.h">
      <Filter>Header Files</Filter>
    </ClInclude>
    <ClInclude Include="source\graphics\RHI_api\dx12\object\command\RHI_DX12_command_queue_type.h">
      <Filter>Header Files</Filter>
    </ClInclude>
    <ClInclude Include="source\graphics\RHI_api\dx12\object\swapchain\RHI_DX12_swapchain.h">
      <Filter>Header Files</Filter>
    </ClInclude>
    <ClInclude Include="source\graphics\RHI_api\dx12\object\sync\RHI_DX12_fenceCPU.h">
      <Filter>Header Files</Filter>
    </ClInclude>
    <ClInclude Include="source\graphics\RHI_api\dx12\pipeline\compute\RHI_DX12_compute_pipeline.h">
      <Filter>Header Files</Filter>
    </ClInclude>
    <ClInclude Include="source\graphics\RHI_api\dx12\pipeline\graphics\framebuffer\RHI_DX12_frame_buffer.h">
      <Filter>Header Files</Filter>
    </ClInclude>
    <ClInclude Include="source\graphics\RHI_api\dx12\pipeline\graphics\rasterizer\RHI_DX12_cull_mode.h">
      <Filter>Header Files</Filter>
    </ClInclude>
    <ClInclude Include="source\graphics\RHI_api\dx12\pipeline\graphics\rasterizer\RHI_DX12_fill_mode.h">
      <Filter>Header Files</Filter>
    </ClInclude>
    <ClInclude Include="source\graphics\RHI_api\dx12\pipeline\graphics\rasterizer\RHI_DX12_winding_order.h">
      <Filter>Header Files</Filter>
    </ClInclude>
    <ClInclude Include="source\graphics\RHI_api\dx12\pipeline\graphics\renderpass\RHI_DX12_load_op.h">
      <Filter>Header Files</Filter>
    </ClInclude>
    <ClInclude Include="source\graphics\RHI_api\dx12\pipeline\graphics\renderpass\RHI_DX12_render_pass.h">
      <Filter>Header Files</Filter>
    </ClInclude>
    <ClInclude Include="source\graphics\RHI_api\dx12\pipeline\graphics\renderpass\RHI_DX12_store_op.h">
      <Filter>Header Files</Filter>
    </ClInclude>
    <ClInclude Include="source\graphics\RHI_api\dx12\pipeline\graphics\topology\RHI_DX12_topology.h">
      <Filter>Header Files</Filter>
    </ClInclude>
    <ClInclude Include="source\graphics\RHI_api\dx12\pipeline\graphics\RHI_DX12_graphics_pipeline.h">
      <Filter>Header Files</Filter>
    </ClInclude>
    <ClInclude Include="source\graphics\RHI_api\dx12\pipeline\layout\descriptor\RHI_DX12_descriptor_heap.h">
      <Filter>Header Files</Filter>
    </ClInclude>
    <ClInclude Include="source\graphics\RHI_api\dx12\pipeline\layout\descriptor\RHI_DX12_descriptor_heap_access.h">
      <Filter>Header Files</Filter>
    </ClInclude>
    <ClInclude Include="source\graphics\RHI_api\dx12\pipeline\layout\descriptor\RHI_DX12_descriptor_heap_allocation.h">
      <Filter>Header Files</Filter>
    </ClInclude>
    <ClInclude Include="source\graphics\RHI_api\dx12\pipeline\layout\descriptor\RHI_DX12_descriptor_heap_descriptor.h">
      <Filter>Header Files</Filter>
    </ClInclude>
    <ClInclude Include="source\graphics\RHI_api\dx12\pipeline\layout\descriptor\RHI_DX12_descriptor_pool.h">
      <Filter>Header Files</Filter>
    </ClInclude>
    <ClInclude Include="source\graphics\RHI_api\dx12\pipeline\layout\descriptor\RHI_DX12_descriptor_set.h">
      <Filter>Header Files</Filter>
    </ClInclude>
    <ClInclude Include="source\graphics\RHI_api\dx12\pipeline\layout\RHI_DX12_input_layout.h">
      <Filter>Header Files</Filter>
    </ClInclude>
    <ClInclude Include="source\graphics\RHI_api\dx12\pipeline\layout\RHI_DX12_input_type.h">
      <Filter>Header Files</Filter>
    </ClInclude>
    <ClInclude Include="source\graphics\RHI_api\dx12\pipeline\RHI_DX12_pipeline.h">
      <Filter>Header Files</Filter>
    </ClInclude>
    <ClInclude Include="source\graphics\RHI_api\dx12\resource\buffer\RHI_DX12_buffer.h">
      <Filter>Header Files</Filter>
    </ClInclude>
    <ClInclude Include="source\graphics\RHI_api\dx12\resource\buffer\RHI_DX12_buffer_usage.h">
      <Filter>Header Files</Filter>
    </ClInclude>
    <ClInclude Include="source\graphics\RHI_api\dx12\resource\sampler\RHI_DX12_address_mode.h">
      <Filter>Header Files</Filter>
    </ClInclude>
    <ClInclude Include="source\graphics\RHI_api\dx12\resource\sampler\RHI_DX12_filter_mode.h">
      <Filter>Header Files</Filter>
    </ClInclude>
    <ClInclude Include="source\graphics\RHI_api\dx12\resource\sampler\RHI_DX12_sampler.h">
      <Filter>Header Files</Filter>
    </ClInclude>
    <ClInclude Include="source\graphics\RHI_api\dx12\resource\shader\RHI_DX12_shader.h">
      <Filter>Header Files</Filter>
    </ClInclude>
    <ClInclude Include="source\graphics\RHI_api\dx12\resource\shader\RHI_DX12_shader_type.h">
      <Filter>Header Files</Filter>
    </ClInclude>
    <ClInclude Include="source\graphics\RHI_api\dx12\resource\texture\RHI_DX12_texture_usage.h">
      <Filter>Header Files</Filter>
    </ClInclude>
    <ClInclude Include="source\graphics\RHI_api\dx12\resource\texture\RHI_DX12_texture2D.h">
      <Filter>Header Files</Filter>
    </ClInclude>
    <ClInclude Include="source\graphics\RHI_api\dx12\resource\RHI_DX12_resource_format.h">
      <Filter>Header Files</Filter>
    </ClInclude>
    <ClInclude Include="source\graphics\RHI_api\dx12\resource\RHI_DX12_resource_memory_type.h">
      <Filter>Header Files</Filter>
    </ClInclude>
    <ClInclude Include="source\graphics\RHI_api\dx12\resource\RHI_DX12_resource_state.h">
      <Filter>Header Files</Filter>
    </ClInclude>
    <ClInclude Include="source\graphics\RHI_api\dx12\RHI_DX12_adapter.h">
      <Filter>Header Files</Filter>
    </ClInclude>
    <ClInclude Include="source\graphics\RHI_api\dx12\RHI_DX12_adapter_features.h">
      <Filter>Header Files</Filter>
    </ClInclude>
    <ClInclude Include="source\graphics\RHI_api\dx12\RHI_DX12_render_device.h">
      <Filter>Header Files</Filter>
    </ClInclude>
    <ClInclude Include="source\graphics\RHI_api\vk\object\command\RHI_VK_command_buffer.h">
      <Filter>Header Files</Filter>
    </ClInclude>
    <ClInclude Include="source\graphics\RHI_api\vk\object\command\RHI_VK_command_pool.h">
      <Filter>Header Files</Filter>
    </ClInclude>
    <ClInclude Include="source\graphics\RHI_api\vk\object\command\RHI_VK_command_queue.h">
      <Filter>Header Files</Filter>
    </ClInclude>
    <ClInclude Include="source\graphics\RHI_api\vk\object\command\RHI_VK_command_queue_family.h">
      <Filter>Header Files</Filter>
    </ClInclude>
    <ClInclude Include="source\graphics\RHI_api\vk\object\swapchain\RHI_VK_swapchain.h">
      <Filter>Header Files</Filter>
    </ClInclude>
    <ClInclude Include="source\graphics\RHI_api\vk\object\sync\RHI_VK_fenceCPU.h">
      <Filter>Header Files</Filter>
    </ClInclude>
    <ClInclude Include="source\graphics\RHI_api\vk\object\sync\RHI_VK_fenceGPU.h">
      <Filter>Header Files</Filter>
    </ClInclude>
    <ClInclude Include="source\graphics\RHI_api\vk\object\sync\RHI_VK_split_barrier.h">
      <Filter>Header Files</Filter>
    </ClInclude>
    <ClInclude Include="source\graphics\RHI_api\vk\pipeline\compute\RHI_VK_compute_pipeline.h">
      <Filter>Header Files</Filter>
    </ClInclude>
    <ClInclude Include="source\graphics\RHI_api\vk\pipeline\graphics\framebuffer\RHI_VK_frame_buffer.h">
      <Filter>Header Files</Filter>
    </ClInclude>
    <ClInclude Include="source\graphics\RHI_api\vk\pipeline\graphics\rasterizer\RHI_VK_cull_mode.h">
      <Filter>Header Files</Filter>
    </ClInclude>
    <ClInclude Include="source\graphics\RHI_api\vk\pipeline\graphics\rasterizer\RHI_VK_fill_mode.h">
      <Filter>Header Files</Filter>
    </ClInclude>
    <ClInclude Include="source\graphics\RHI_api\vk\pipeline\graphics\rasterizer\RHI_VK_winding_order.h">
      <Filter>Header Files</Filter>
    </ClInclude>
    <ClInclude Include="source\graphics\RHI_api\vk\pipeline\graphics\renderpass\RHI_VK_load_op.h">
      <Filter>Header Files</Filter>
    </ClInclude>
    <ClInclude Include="source\graphics\RHI_api\vk\pipeline\graphics\renderpass\RHI_VK_render_pass.h">
      <Filter>Header Files</Filter>
    </ClInclude>
    <ClInclude Include="source\graphics\RHI_api\vk\pipeline\graphics\renderpass\RHI_VK_store_op.h">
      <Filter>Header Files</Filter>
    </ClInclude>
    <ClInclude Include="source\graphics\RHI_api\vk\pipeline\graphics\topology\RHI_VK_topology.h">
      <Filter>Header Files</Filter>
    </ClInclude>
    <ClInclude Include="source\graphics\RHI_api\vk\pipeline\graphics\RHI_VK_graphics_pipeline.h">
      <Filter>Header Files</Filter>
    </ClInclude>
    <ClInclude Include="source\graphics\RHI_api\vk\pipeline\layout\descriptor\RHI_VK_descriptor_pool.h">
      <Filter>Header Files</Filter>
    </ClInclude>
    <ClInclude Include="source\graphics\RHI_api\vk\pipeline\layout\descriptor\RHI_VK_descriptor_set.h">
      <Filter>Header Files</Filter>
    </ClInclude>
    <ClInclude Include="source\graphics\RHI_api\vk\pipeline\layout\descriptor\RHI_VK_descriptor_type.h">
      <Filter>Header Files</Filter>
    </ClInclude>
    <ClInclude Include="source\graphics\RHI_api\vk\pipeline\layout\RHI_VK_input_layout.h">
      <Filter>Header Files</Filter>
    </ClInclude>
    <ClInclude Include="source\graphics\RHI_api\vk\pipeline\layout\RHI_VK_input_type.h">
      <Filter>Header Files</Filter>
    </ClInclude>
    <ClInclude Include="source\graphics\RHI_api\vk\resource\acceleration\RHI_VK_as_build_flags.h">
      <Filter>Header Files</Filter>
    </ClInclude>
    <ClInclude Include="source\graphics\RHI_api\vk\resource\acceleration\RHI_VK_blas.h">
      <Filter>Header Files</Filter>
    </ClInclude>
    <ClInclude Include="source\graphics\RHI_api\vk\resource\buffer\RHI_VK_buffer.h">
      <Filter>Header Files</Filter>
    </ClInclude>
    <ClInclude Include="source\graphics\RHI_api\vk\resource\buffer\RHI_VK_buffer_usage.h">
      <Filter>Header Files</Filter>
    </ClInclude>
    <ClInclude Include="source\graphics\RHI_api\vk\resource\sampler\RHI_VK_address_mode.h">
      <Filter>Header Files</Filter>
    </ClInclude>
    <ClInclude Include="source\graphics\RHI_api\vk\resource\sampler\RHI_VK_compare_op.h">
      <Filter>Header Files</Filter>
    </ClInclude>
    <ClInclude Include="source\graphics\RHI_api\vk\resource\sampler\RHI_VK_filter.h">
      <Filter>Header Files</Filter>
    </ClInclude>
    <ClInclude Include="source\graphics\RHI_api\vk\resource\sampler\RHI_VK_sampler.h">
      <Filter>Header Files</Filter>
    </ClInclude>
    <ClInclude Include="source\graphics\RHI_api\vk\resource\shader\RHI_VK_shader.h">
      <Filter>Header Files</Filter>
    </ClInclude>
    <ClInclude Include="source\graphics\RHI_api\vk\resource\shader\RHI_VK_shader_type.h">
      <Filter>Header Files</Filter>
    </ClInclude>
    <ClInclude Include="source\graphics\RHI_api\vk\resource\texture\RHI_VK_texture2D.h">
      <Filter>Header Files</Filter>
    </ClInclude>
    <ClInclude Include="source\graphics\RHI_api\vk\resource\RHI_VK_resource_format.h">
      <Filter>Header Files</Filter>
    </ClInclude>
    <ClInclude Include="source\graphics\RHI_api\vk\resource\RHI_VK_resource_memory_type.h">
      <Filter>Header Files</Filter>
    </ClInclude>
    <ClInclude Include="source\graphics\RHI_api\vk\resource\RHI_VK_resource_state.h">
      <Filter>Header Files</Filter>
    </ClInclude>
    <ClInclude Include="source\graphics\RHI_api\vk\RHI_VK_adapter.h">
      <Filter>Header Files</Filter>
    </ClInclude>
    <ClInclude Include="source\graphics\RHI_api\vk\RHI_VK_adapter_features.h">
      <Filter>Header Files</Filter>
    </ClInclude>
    <ClInclude Include="source\graphics\RHI_api\vk\RHI_VK_adapter_type.h">
      <Filter>Header Files</Filter>
    </ClInclude>
    <ClInclude Include="source\graphics\RHI_api\vk\RHI_VK_render_device.h">
      <Filter>Header Files</Filter>
    </ClInclude>
    <ClInclude Include="source\graphics\RHI_api\RHI_graphics_api.h">
      <Filter>Header Files</Filter>
    </ClInclude>
    <ClInclude Include="source\platform\win\core\window\win_window.h">
      <Filter>Header Files</Filter>
    </ClInclude>
    <ClInclude Include="source\platform\platform_type.h">
      <Filter>Header Files</Filter>
    </ClInclude>
    <ClInclude Include="source\util\hash_util.h">
      <Filter>Header Files</Filter>
    </ClInclude>
    <ClInclude Include="source\util\string_util.h">
      <Filter>Header Files</Filter>
    </ClInclude>
    <ClInclude Include="source\util\version.h">
      <Filter>Header Files</Filter>
    </ClInclude>
    <ClInclude Include="source\pch.h">
      <Filter>Header Files</Filter>
    </ClInclude>
    <ClInclude Include="source\raydiance.h">
      <Filter>Header Files</Filter>
    </ClInclude>
    <ClInclude Include="source\math\curve\cubic_bezier_curve2D.h">
      <Filter>Header Files</Filter>
    </ClInclude>
    <ClInclude Include="source\math\curve\quadratic_bezier_curve2D.h">
      <Filter>Header Files</Filter>
    </ClInclude>
    <ClInclude Include="source\math\matrix\row_mat4x4.h">
      <Filter>Header Files</Filter>
    </ClInclude>
    <ClInclude Include="source\math\random\random.h">
      <Filter>Header Files</Filter>
    </ClInclude>
    <ClInclude Include="source\math\vector\tvec2.h">
      <Filter>Header Files</Filter>
    </ClInclude>
    <ClInclude Include="source\math\vector\vec2.h">
      <Filter>Header Files</Filter>
    </ClInclude>
    <ClInclude Include="source\math\vector\vec3.h">
      <Filter>Header Files</Filter>
    </ClInclude>
    <ClInclude Include="source\math\vector\vec4.h">
      <Filter>Header Files</Filter>
    </ClInclude>
    <ClInclude Include="source\math\constants.h">
      <Filter>Header Files</Filter>
    </ClInclude>
    <ClInclude Include="source\graphics\RHI_api\vk\pipeline\RHI_VK_pipeline.h">
      <Filter>Header Files</Filter>
    </ClInclude>
    <ClInclude Include="source\graphics\gfx\material\material_asset.h">
      <Filter>Header Files</Filter>
    </ClInclude>
    <ClInclude Include="source\core\files\byte_stream.h">
      <Filter>Header Files</Filter>
    </ClInclude>
    <ClInclude Include="source\core\files\byte_stream_exception.h">
      <Filter>Header Files</Filter>
    </ClInclude>
    <ClInclude Include="source\core\files\byte_order.h">
      <Filter>Header Files</Filter>
    </ClInclude>
    <ClInclude Include="source\core\files\byte_stream_state.h">
      <Filter>Header Files</Filter>
    </ClInclude>
    <ClInclude Include="source\core\UUID.h">
      <Filter>Header Files</Filter>
    </ClInclude>
    <ClInclude Include="source\graphics\RHI\resource\shader\shader_asset.h">
      <Filter>Header Files</Filter>
    </ClInclude>
  </ItemGroup>
  <ItemGroup>
    <ClCompile Include="source\core\error\logger.cpp">
      <Filter>Source Files</Filter>
    </ClCompile>
    <ClCompile Include="source\core\files\file_path.cpp">
      <Filter>Source Files</Filter>
    </ClCompile>
    <ClCompile Include="source\core\files\file_system.cpp">
      <Filter>Source Files</Filter>
    </ClCompile>
    <ClCompile Include="source\core\window\window.cpp">
      <Filter>Source Files</Filter>
    </ClCompile>
    <ClCompile Include="source\core\application.cpp">
      <Filter>Source Files</Filter>
    </ClCompile>
    <ClCompile Include="source\graphics\gfx\material\material.cpp">
      <Filter>Source Files</Filter>
    </ClCompile>
    <ClCompile Include="source\graphics\gfx\material\material_instance.cpp">
      <Filter>Source Files</Filter>
    </ClCompile>
    <ClCompile Include="source\graphics\gfx\mesh\primitive\cube.cpp">
      <Filter>Source Files</Filter>
    </ClCompile>
    <ClCompile Include="source\graphics\gfx\mesh\primitive\quad.cpp">
      <Filter>Source Files</Filter>
    </ClCompile>
    <ClCompile Include="source\graphics\gfx\mesh\mesh.cpp">
      <Filter>Source Files</Filter>
    </ClCompile>
    <ClCompile Include="source\graphics\gfx\render_backend.cpp">
      <Filter>Source Files</Filter>
    </ClCompile>
    <ClCompile Include="source\graphics\gfx\renderer3D.cpp">
      <Filter>Source Files</Filter>
    </ClCompile>
    <ClCompile Include="source\graphics\RHI\object\command\RHI_command_buffer.cpp">
      <Filter>Source Files</Filter>
    </ClCompile>
    <ClCompile Include="source\graphics\RHI\object\command\RHI_command_pool.cpp">
      <Filter>Source Files</Filter>
    </ClCompile>
    <ClCompile Include="source\graphics\RHI\object\command\RHI_command_queue.cpp">
      <Filter>Source Files</Filter>
    </ClCompile>
    <ClCompile Include="source\graphics\RHI\object\swapchain\RHI_swapchain.cpp">
      <Filter>Source Files</Filter>
    </ClCompile>
    <ClCompile Include="source\graphics\RHI\object\sync\RHI_fenceCPU.cpp">
      <Filter>Source Files</Filter>
    </ClCompile>
    <ClCompile Include="source\graphics\RHI\object\sync\RHI_fenceGPU.cpp">
      <Filter>Source Files</Filter>
    </ClCompile>
    <ClCompile Include="source\graphics\RHI\object\sync\RHI_split_barrier.cpp">
      <Filter>Source Files</Filter>
    </ClCompile>
    <ClCompile Include="source\graphics\RHI\pipeline\compute\RHI_compute_pipeline.cpp">
      <Filter>Source Files</Filter>
    </ClCompile>
    <ClCompile Include="source\graphics\RHI\pipeline\graphics\framebuffer\RHI_frame_buffer.cpp">
      <Filter>Source Files</Filter>
    </ClCompile>
    <ClCompile Include="source\graphics\RHI\pipeline\graphics\renderpass\RHI_render_pass.cpp">
      <Filter>Source Files</Filter>
    </ClCompile>
    <ClCompile Include="source\graphics\RHI\pipeline\graphics\RHI_graphics_pipeline.cpp">
      <Filter>Source Files</Filter>
    </ClCompile>
    <ClCompile Include="source\graphics\RHI\pipeline\layout\descriptor\RHI_descriptor_pool.cpp">
      <Filter>Source Files</Filter>
    </ClCompile>
    <ClCompile Include="source\graphics\RHI\pipeline\layout\descriptor\RHI_descriptor_set.cpp">
      <Filter>Source Files</Filter>
    </ClCompile>
    <ClCompile Include="source\graphics\RHI\pipeline\layout\RHI_input_layout.cpp">
      <Filter>Source Files</Filter>
    </ClCompile>
    <ClCompile Include="source\graphics\RHI\pipeline\RHI_pipeline.cpp">
      <Filter>Source Files</Filter>
    </ClCompile>
    <ClCompile Include="source\graphics\RHI\resource\acceleration\RHI_blas.cpp">
      <Filter>Source Files</Filter>
    </ClCompile>
    <ClCompile Include="source\graphics\RHI\resource\acceleration\RHI_tlas.cpp">
      <Filter>Source Files</Filter>
    </ClCompile>
    <ClCompile Include="source\graphics\RHI\resource\buffer\RHI_buffer.cpp">
      <Filter>Source Files</Filter>
    </ClCompile>
    <ClCompile Include="source\graphics\RHI\resource\sampler\RHI_sampler.cpp">
      <Filter>Source Files</Filter>
    </ClCompile>
    <ClCompile Include="source\graphics\RHI\resource\shader\RHI_shader.cpp">
      <Filter>Source Files</Filter>
    </ClCompile>
    <ClCompile Include="source\graphics\RHI\resource\texture\RHI_texture2D.cpp">
      <Filter>Source Files</Filter>
    </ClCompile>
    <ClCompile Include="source\graphics\RHI\RHI_adapter.cpp">
      <Filter>Source Files</Filter>
    </ClCompile>
    <ClCompile Include="source\graphics\RHI\RHI_adapter_features.cpp">
      <Filter>Source Files</Filter>
    </ClCompile>
    <ClCompile Include="source\graphics\RHI\RHI_render_device.cpp">
      <Filter>Source Files</Filter>
    </ClCompile>
    <ClCompile Include="source\graphics\RHI_api\dx12\object\command\RHI_DX12_command_buffer.cpp">
      <Filter>Source Files</Filter>
    </ClCompile>
    <ClCompile Include="source\graphics\RHI_api\dx12\object\command\RHI_DX12_command_pool.cpp">
      <Filter>Source Files</Filter>
    </ClCompile>
    <ClCompile Include="source\graphics\RHI_api\dx12\object\command\RHI_DX12_command_queue.cpp">
      <Filter>Source Files</Filter>
    </ClCompile>
    <ClCompile Include="source\graphics\RHI_api\dx12\object\swapchain\RHI_DX12_swapchain.cpp">
      <Filter>Source Files</Filter>
    </ClCompile>
    <ClCompile Include="source\graphics\RHI_api\dx12\object\sync\RHI_DX12_fenceCPU.cpp">
      <Filter>Source Files</Filter>
    </ClCompile>
    <ClCompile Include="source\graphics\RHI_api\dx12\pipeline\compute\RHI_DX12_compute_pipeline.cpp">
      <Filter>Source Files</Filter>
    </ClCompile>
    <ClCompile Include="source\graphics\RHI_api\dx12\pipeline\graphics\framebuffer\RHI_DX12_frame_buffer.cpp">
      <Filter>Source Files</Filter>
    </ClCompile>
    <ClCompile Include="source\graphics\RHI_api\dx12\pipeline\graphics\renderpass\RHI_DX12_render_pass.cpp">
      <Filter>Source Files</Filter>
    </ClCompile>
    <ClCompile Include="source\graphics\RHI_api\dx12\pipeline\graphics\RHI_DX12_graphics_pipeline.cpp">
      <Filter>Source Files</Filter>
    </ClCompile>
    <ClCompile Include="source\graphics\RHI_api\dx12\pipeline\layout\descriptor\RHI_DX12_descriptor_heap.cpp">
      <Filter>Source Files</Filter>
    </ClCompile>
    <ClCompile Include="source\graphics\RHI_api\dx12\pipeline\layout\descriptor\RHI_DX12_descriptor_pool.cpp">
      <Filter>Source Files</Filter>
    </ClCompile>
    <ClCompile Include="source\graphics\RHI_api\dx12\pipeline\layout\descriptor\RHI_DX12_descriptor_set.cpp">
      <Filter>Source Files</Filter>
    </ClCompile>
    <ClCompile Include="source\graphics\RHI_api\dx12\pipeline\layout\RHI_DX12_input_layout.cpp">
      <Filter>Source Files</Filter>
    </ClCompile>
    <ClCompile Include="source\graphics\RHI_api\dx12\pipeline\RHI_DX12_pipeline.cpp">
      <Filter>Source Files</Filter>
    </ClCompile>
    <ClCompile Include="source\graphics\RHI_api\dx12\resource\buffer\RHI_DX12_buffer.cpp">
      <Filter>Source Files</Filter>
    </ClCompile>
    <ClCompile Include="source\graphics\RHI_api\dx12\resource\sampler\RHI_DX12_sampler.cpp">
      <Filter>Source Files</Filter>
    </ClCompile>
    <ClCompile Include="source\graphics\RHI_api\dx12\resource\shader\RHI_DX12_shader.cpp">
      <Filter>Source Files</Filter>
    </ClCompile>
    <ClCompile Include="source\graphics\RHI_api\dx12\resource\texture\RHI_DX12_texture2D.cpp">
      <Filter>Source Files</Filter>
    </ClCompile>
    <ClCompile Include="source\graphics\RHI_api\dx12\RHI_DX12_adapter.cpp">
      <Filter>Source Files</Filter>
    </ClCompile>
    <ClCompile Include="source\graphics\RHI_api\dx12\RHI_DX12_adapter_features.cpp">
      <Filter>Source Files</Filter>
    </ClCompile>
    <ClCompile Include="source\graphics\RHI_api\dx12\RHI_DX12_render_device.cpp">
      <Filter>Source Files</Filter>
    </ClCompile>
    <ClCompile Include="source\graphics\RHI_api\vk\object\command\RHI_VK_command_buffer.cpp">
      <Filter>Source Files</Filter>
    </ClCompile>
    <ClCompile Include="source\graphics\RHI_api\vk\object\command\RHI_VK_command_pool.cpp">
      <Filter>Source Files</Filter>
    </ClCompile>
    <ClCompile Include="source\graphics\RHI_api\vk\object\command\RHI_VK_command_queue.cpp">
      <Filter>Source Files</Filter>
    </ClCompile>
    <ClCompile Include="source\graphics\RHI_api\vk\object\swapchain\RHI_VK_swapchain.cpp">
      <Filter>Source Files</Filter>
    </ClCompile>
    <ClCompile Include="source\graphics\RHI_api\vk\object\sync\RHI_VK_fenceCPU.cpp">
      <Filter>Source Files</Filter>
    </ClCompile>
    <ClCompile Include="source\graphics\RHI_api\vk\object\sync\RHI_VK_fenceGPU.cpp">
      <Filter>Source Files</Filter>
    </ClCompile>
    <ClCompile Include="source\graphics\RHI_api\vk\object\sync\RHI_VK_split_barrier.cpp">
      <Filter>Source Files</Filter>
    </ClCompile>
    <ClCompile Include="source\graphics\RHI_api\vk\pipeline\compute\RHI_VK_compute_pipeline.cpp">
      <Filter>Source Files</Filter>
    </ClCompile>
    <ClCompile Include="source\graphics\RHI_api\vk\pipeline\graphics\framebuffer\RHI_VK_frame_buffer.cpp">
      <Filter>Source Files</Filter>
    </ClCompile>
    <ClCompile Include="source\graphics\RHI_api\vk\pipeline\graphics\renderpass\RHI_VK_render_pass.cpp">
      <Filter>Source Files</Filter>
    </ClCompile>
    <ClCompile Include="source\graphics\RHI_api\vk\pipeline\graphics\RHI_VK_graphics_pipeline.cpp">
      <Filter>Source Files</Filter>
    </ClCompile>
    <ClCompile Include="source\graphics\RHI_api\vk\pipeline\layout\descriptor\RHI_VK_descriptor_pool.cpp">
      <Filter>Source Files</Filter>
    </ClCompile>
    <ClCompile Include="source\graphics\RHI_api\vk\pipeline\layout\descriptor\RHI_VK_descriptor_set.cpp">
      <Filter>Source Files</Filter>
    </ClCompile>
    <ClCompile Include="source\graphics\RHI_api\vk\pipeline\layout\RHI_VK_input_layout.cpp">
      <Filter>Source Files</Filter>
    </ClCompile>
    <ClCompile Include="source\graphics\RHI_api\vk\resource\acceleration\RHI_VK_blas.cpp">
      <Filter>Source Files</Filter>
    </ClCompile>
    <ClCompile Include="source\graphics\RHI_api\vk\resource\buffer\RHI_VK_buffer.cpp">
      <Filter>Source Files</Filter>
    </ClCompile>
    <ClCompile Include="source\graphics\RHI_api\vk\resource\sampler\RHI_VK_sampler.cpp">
      <Filter>Source Files</Filter>
    </ClCompile>
    <ClCompile Include="source\graphics\RHI_api\vk\resource\shader\RHI_VK_shader.cpp">
      <Filter>Source Files</Filter>
    </ClCompile>
    <ClCompile Include="source\graphics\RHI_api\vk\resource\texture\RHI_VK_texture2D.cpp">
      <Filter>Source Files</Filter>
    </ClCompile>
    <ClCompile Include="source\graphics\RHI_api\vk\RHI_VK_adapter.cpp">
      <Filter>Source Files</Filter>
    </ClCompile>
    <ClCompile Include="source\graphics\RHI_api\vk\RHI_VK_adapter_features.cpp">
      <Filter>Source Files</Filter>
    </ClCompile>
    <ClCompile Include="source\graphics\RHI_api\vk\RHI_VK_render_device.cpp">
      <Filter>Source Files</Filter>
    </ClCompile>
    <ClCompile Include="source\platform\win\core\window\win_window.cpp">
      <Filter>Source Files</Filter>
    </ClCompile>
    <ClCompile Include="source\platform\win\win_main.cpp">
      <Filter>Source Files</Filter>
    </ClCompile>
    <ClCompile Include="source\pch.cpp">
      <Filter>Source Files</Filter>
    </ClCompile>
    <ClCompile Include="source\graphics\gfx\camera\camera.cpp">
      <Filter>Source Files</Filter>
    </ClCompile>
    <ClCompile Include="source\graphics\RHI_api\vk\pipeline\RHI_VK_pipeline.cpp">
      <Filter>Source Files</Filter>
    </ClCompile>
    <ClCompile Include="source\graphics\gfx\material\material_asset.cpp">
      <Filter>Source Files</Filter>
    </ClCompile>
    <ClCompile Include="source\core\files\byte_stream.cpp">
      <Filter>Source Files</Filter>
    </ClCompile>
    <ClCompile Include="source\core\files\byte_stream_exception.cpp">
      <Filter>Source Files</Filter>
    </ClCompile>
    <ClCompile Include="source\core\UUID.cpp">
      <Filter>Source Files</Filter>
    </ClCompile>
    <ClCompile Include="source\graphics\RHI\resource\shader\shader_asset.cpp">
      <Filter>Source Files</Filter>
    </ClCompile>
  </ItemGroup>
</Project>